{
  "name": "@pinyin/frame",
  "version": "0.0.6",
  "lockfileVersion": 1,
  "requires": true,
  "dependencies": {
    "framesync": {
      "version": "3.1.7",
      "resolved": "https://registry.npmjs.org/framesync/-/framesync-3.1.7.tgz",
      "integrity": "sha512-oMW1Myil2BcHFMntyMvFkkBOz/aaH5kNb0XtSd/IRFiGuh2sWzf0XukgSJFyNh2WcQr05uCbpL1RY6vQK8qUQw=="
    },
    "synchronous-promise": {
      "version": "2.0.5",
      "resolved": "http://localhost:4873/synchronous-promise/-/synchronous-promise-2.0.5.tgz",
      "integrity": "sha1-Tg/I3T8AYnINzEzvvZ6uYrQGN9g="
    },
    "tslib": {
      "version": "1.9.0",
      "resolved": "https://registry.npmjs.org/tslib/-/tslib-1.9.0.tgz",
      "integrity": "sha512-f/qGG2tUkrISBlQZEjEqoZ3B2+npJjIf04H1wuAv9iA8i04Icp+61KRXxFdha22670NJopsZCIjhC3SnjPRKrQ=="
    },
    "typescript": {
      "version": "2.8.3",
      "resolved": "https://registry.npmjs.org/typescript/-/typescript-2.8.3.tgz",
      "integrity": "sha512-K7g15Bb6Ra4lKf7Iq2l/I5/En+hLIHmxWZGq3D4DIRNFxMNV6j2SHSvDOqs2tGd4UvD/fJvrwopzQXjLrT7Itw==",
      "dev": true
    }
  }
}
